
Microsoft Visual Studio Solution File, Format Version 12.00
# Visual Studio Version 16
VisualStudioVersion = 16.0.33801.447
MinimumVisualStudioVersion = 10.0.40219.1
Project("{FAE04EC0-301F-11D3-BF4B-00C04F79EFBC}") = "web-app", "web-app.csproj", "{AF8E75C1-6081-42F2-A4D1-D504B4EDEB49}"
EndProject
Global
	GlobalSection(SolutionConfigurationPlatforms) = preSolution
		Debug|Any CPU = Debug|Any CPU
		Release|Any CPU = Release|Any CPU
	EndGlobalSection
	GlobalSection(ProjectConfigurationPlatforms) = postSolution
		{AF8E75C1-6081-42F2-A4D1-D504B4EDEB49}.Debug|Any CPU.ActiveCfg = Debug|Any CPU
		{AF8E75C1-6081-42F2-A4D1-D504B4EDEB49}.Debug|Any CPU.Build.0 = Debug|Any CPU
		{AF8E75C1-6081-42F2-A4D1-D504B4EDEB49}.Release|Any CPU.ActiveCfg = Release|Any CPU
		{AF8E75C1-6081-42F2-A4D1-D504B4EDEB49}.Release|Any CPU.Build.0 = Release|Any CPU
	EndGlobalSection
	GlobalSection(SolutionProperties) = preSolution
		HideSolutionNode = FALSE
	EndGlobalSection
	GlobalSection(ExtensibilityGlobals) = postSolution
		SolutionGuid = {A3804394-5C62-4ED3-A51B-A9C2F6390146}
	EndGlobalSection
EndGlobal
