
Microsoft Visual Studio Solution File, Format Version 12.00
# Visual Studio Version 16
VisualStudioVersion = 16.0.33801.447
MinimumVisualStudioVersion = 10.0.40219.1
Project("{FAE04EC0-301F-11D3-BF4B-00C04F79EFBC}") = "Web_app", "Web_app.csproj", "{82F1984D-D20A-4477-BD5F-A74EF7A30574}"
EndProject
Global
	GlobalSection(SolutionConfigurationPlatforms) = preSolution
		Debug|Any CPU = Debug|Any CPU
		Release|Any CPU = Release|Any CPU
	EndGlobalSection
	GlobalSection(ProjectConfigurationPlatforms) = postSolution
		{82F1984D-D20A-4477-BD5F-A74EF7A30574}.Debug|Any CPU.ActiveCfg = Debug|Any CPU
		{82F1984D-D20A-4477-BD5F-A74EF7A30574}.Debug|Any CPU.Build.0 = Debug|Any CPU
		{82F1984D-D20A-4477-BD5F-A74EF7A30574}.Release|Any CPU.ActiveCfg = Release|Any CPU
		{82F1984D-D20A-4477-BD5F-A74EF7A30574}.Release|Any CPU.Build.0 = Release|Any CPU
	EndGlobalSection
	GlobalSection(SolutionProperties) = preSolution
		HideSolutionNode = FALSE
	EndGlobalSection
	GlobalSection(ExtensibilityGlobals) = postSolution
		SolutionGuid = {A58D4A03-BD9E-4545-9CBE-E7375F9AA91D}
	EndGlobalSection
EndGlobal
